// !$*UTF8*$!
{
	archiveVersion = 1;
	classes = {
	};
	objectVersion = 46;
	objects = {

/* Begin PBXBuildFile section */
		04F4894A1C50C60100B73F73 /* main.m in Sources */ = {isa = PBXBuildFile; fileRef = 04F489491C50C60100B73F73 /* main.m */; };
		04F4894D1C50C60100B73F73 /* AppDelegate.m in Sources */ = {isa = PBXBuildFile; fileRef = 04F4894C1C50C60100B73F73 /* AppDelegate.m */; };
		04F489501C50C60100B73F73 /* ViewController.m in Sources */ = {isa = PBXBuildFile; fileRef = 04F4894F1C50C60100B73F73 /* ViewController.m */; };
		04F489531C50C60100B73F73 /* Main.storyboard in Resources */ = {isa = PBXBuildFile; fileRef = 04F489511C50C60100B73F73 /* Main.storyboard */; };
		04F489561C50C60100B73F73 /* iOS_MyPianKe.xcdatamodeld in Sources */ = {isa = PBXBuildFile; fileRef = 04F489541C50C60100B73F73 /* iOS_MyPianKe.xcdatamodeld */; };
		04F489581C50C60200B73F73 /* Assets.xcassets in Resources */ = {isa = PBXBuildFile; fileRef = 04F489571C50C60200B73F73 /* Assets.xcassets */; };
		04F4895B1C50C60200B73F73 /* LaunchScreen.storyboard in Resources */ = {isa = PBXBuildFile; fileRef = 04F489591C50C60200B73F73 /* LaunchScreen.storyboard */; };
		04F489661C50C60200B73F73 /* iOS_MyPianKeTests.m in Sources */ = {isa = PBXBuildFile; fileRef = 04F489651C50C60200B73F73 /* iOS_MyPianKeTests.m */; };
		04F489711C50C60200B73F73 /* iOS_MyPianKeUITests.m in Sources */ = {isa = PBXBuildFile; fileRef = 04F489701C50C60200B73F73 /* iOS_MyPianKeUITests.m */; };
/* End PBXBuildFile section */

/* Begin PBXContainerItemProxy section */
		04F489621C50C60200B73F73 /* PBXContainerItemProxy */ = {
			isa = PBXContainerItemProxy;
			containerPortal = 04F4893D1C50C60100B73F73 /* Project object */;
			proxyType = 1;
			remoteGlobalIDString = 04F489441C50C60100B73F73;
			remoteInfo = "iOS-MyPianKe";
		};
		04F4896D1C50C60200B73F73 /* PBXContainerItemProxy */ = {
			isa = PBXContainerItemProxy;
			containerPortal = 04F4893D1C50C60100B73F73 /* Project object */;
			proxyType = 1;
			remoteGlobalIDString = 04F489441C50C60100B73F73;
			remoteInfo = "iOS-MyPianKe";
		};
/* End PBXContainerItemProxy section */

/* Begin PBXFileReference section */
		04F489451C50C60100B73F73 /* iOS-MyPianKe.app */ = {isa = PBXFileReference; explicitFileType = wrapper.application; includeInIndex = 0; path = "iOS-MyPianKe.app"; sourceTree = BUILT_PRODUCTS_DIR; };
		04F489491C50C60100B73F73 /* main.m */ = {isa = PBXFileReference; lastKnownFileType = sourcecode.c.objc; path = main.m; sourceTree = "<group>"; };
		04F4894B1C50C60100B73F73 /* AppDelegate.h */ = {isa = PBXFileReference; lastKnownFileType = sourcecode.c.h; path = AppDelegate.h; sourceTree = "<group>"; };
		04F4894C1C50C60100B73F73 /* AppDelegate.m */ = {isa = PBXFileReference; lastKnownFileType = sourcecode.c.objc; path = AppDelegate.m; sourceTree = "<group>"; };
		04F4894E1C50C60100B73F73 /* ViewController.h */ = {isa = PBXFileReference; lastKnownFileType = sourcecode.c.h; path = ViewController.h; sourceTree = "<group>"; };
		04F4894F1C50C60100B73F73 /* ViewController.m */ = {isa = PBXFileReference; lastKnownFileType = sourcecode.c.objc; path = ViewController.m; sourceTree = "<group>"; };
		04F489521C50C60100B73F73 /* Base */ = {isa = PBXFileReference; lastKnownFileType = file.storyboard; name = Base; path = Base.lproj/Main.storyboard; sourceTree = "<group>"; };
		04F489551C50C60100B73F73 /* iOS_MyPianKe.xcdatamodel */ = {isa = PBXFileReference; lastKnownFileType = wrapper.xcdatamodel; path = iOS_MyPianKe.xcdatamodel; sourceTree = "<group>"; };
		04F489571C50C60200B73F73 /* Assets.xcassets */ = {isa = PBXFileReference; lastKnownFileType = folder.assetcatalog; path = Assets.xcassets; sourceTree = "<group>"; };
		04F4895A1C50C60200B73F73 /* Base */ = {isa = PBXFileReference; lastKnownFileType = file.storyboard; name = Base; path = Base.lproj/LaunchScreen.storyboard; sourceTree = "<group>"; };
		04F4895C1C50C60200B73F73 /* Info.plist */ = {isa = PBXFileReference; lastKnownFileType = text.plist.xml; path = Info.plist; sourceTree = "<group>"; };
		04F489611C50C60200B73F73 /* iOS-MyPianKeTests.xctest */ = {isa = PBXFileReference; explicitFileType = wrapper.cfbundle; includeInIndex = 0; path = "iOS-MyPianKeTests.xctest"; sourceTree = BUILT_PRODUCTS_DIR; };
		04F489651C50C60200B73F73 /* iOS_MyPianKeTests.m */ = {isa = PBXFileReference; lastKnownFileType = sourcecode.c.objc; path = iOS_MyPianKeTests.m; sourceTree = "<group>"; };
		04F489671C50C60200B73F73 /* Info.plist */ = {isa = PBXFileReference; lastKnownFileType = text.plist.xml; path = Info.plist; sourceTree = "<group>"; };
		04F4896C1C50C60200B73F73 /* iOS-MyPianKeUITests.xctest */ = {isa = PBXFileReference; explicitFileType = wrapper.cfbundle; includeInIndex = 0; path = "iOS-MyPianKeUITests.xctest"; sourceTree = BUILT_PRODUCTS_DIR; };
		04F489701C50C60200B73F73 /* iOS_MyPianKeUITests.m */ = {isa = PBXFileReference; lastKnownFileType = sourcecode.c.objc; path = iOS_MyPianKeUITests.m; sourceTree = "<group>"; };
		04F489721C50C60200B73F73 /* Info.plist */ = {isa = PBXFileReference; lastKnownFileType = text.plist.xml; path = Info.plist; sourceTree = "<group>"; };
/* End PBXFileReference section */

/* Begin PBXFrameworksBuildPhase section */
		04F489421C50C60100B73F73 /* Frameworks */ = {
			isa = PBXFrameworksBuildPhase;
			buildActionMask = 2147483647;
			files = (
			);
			runOnlyForDeploymentPostprocessing = 0;
		};
		04F4895E1C50C60200B73F73 /* Frameworks */ = {
			isa = PBXFrameworksBuildPhase;
			buildActionMask = 2147483647;
			files = (
			);
			runOnlyForDeploymentPostprocessing = 0;
		};
		04F489691C50C60200B73F73 /* Frameworks */ = {
			isa = PBXFrameworksBuildPhase;
			buildActionMask = 2147483647;
			files = (
			);
			runOnlyForDeploymentPostprocessing = 0;
		};
/* End PBXFrameworksBuildPhase section */

/* Begin PBXGroup section */
		04F4893C1C50C60100B73F73 = {
			isa = PBXGroup;
			children = (
				04F489471C50C60100B73F73 /* iOS-MyPianKe */,
				04F489641C50C60200B73F73 /* iOS-MyPianKeTests */,
				04F4896F1C50C60200B73F73 /* iOS-MyPianKeUITests */,
				04F489461C50C60100B73F73 /* Products */,
			);
			sourceTree = "<group>";
		};
		04F489461C50C60100B73F73 /* Products */ = {
			isa = PBXGroup;
			children = (
				04F489451C50C60100B73F73 /* iOS-MyPianKe.app */,
				04F489611C50C60200B73F73 /* iOS-MyPianKeTests.xctest */,
				04F4896C1C50C60200B73F73 /* iOS-MyPianKeUITests.xctest */,
			);
			name = Products;
			sourceTree = "<group>";
		};
		04F489471C50C60100B73F73 /* iOS-MyPianKe */ = {
			isa = PBXGroup;
			children = (
				04F4894B1C50C60100B73F73 /* AppDelegate.h */,
				04F4894C1C50C60100B73F73 /* AppDelegate.m */,
				04F4894E1C50C60100B73F73 /* ViewController.h */,
				04F4894F1C50C60100B73F73 /* ViewController.m */,
				04F489511C50C60100B73F73 /* Main.storyboard */,
				04F489571C50C60200B73F73 /* Assets.xcassets */,
				04F489591C50C60200B73F73 /* LaunchScreen.storyboard */,
				04F4895C1C50C60200B73F73 /* Info.plist */,
				04F489541C50C60100B73F73 /* iOS_MyPianKe.xcdatamodeld */,
				04F489481C50C60100B73F73 /* Supporting Files */,
			);
			path = "iOS-MyPianKe";
			sourceTree = "<group>";
		};
		04F489481C50C60100B73F73 /* Supporting Files */ = {
			isa = PBXGroup;
			children = (
				04F489491C50C60100B73F73 /* main.m */,
			);
			name = "Supporting Files";
			sourceTree = "<group>";
		};
		04F489641C50C60200B73F73 /* iOS-MyPianKeTests */ = {
			isa = PBXGroup;
			children = (
				04F489651C50C60200B73F73 /* iOS_MyPianKeTests.m */,
				04F489671C50C60200B73F73 /* Info.plist */,
			);
			path = "iOS-MyPianKeTests";
			sourceTree = "<group>";
		};
		04F4896F1C50C60200B73F73 /* iOS-MyPianKeUITests */ = {
			isa = PBXGroup;
			children = (
				04F489701C50C60200B73F73 /* iOS_MyPianKeUITests.m */,
				04F489721C50C60200B73F73 /* Info.plist */,
			);
			path = "iOS-MyPianKeUITests";
			sourceTree = "<group>";
		};
/* End PBXGroup section */

/* Begin PBXNativeTarget section */
		04F489441C50C60100B73F73 /* iOS-MyPianKe */ = {
			isa = PBXNativeTarget;
			buildConfigurationList = 04F489751C50C60200B73F73 /* Build configuration list for PBXNativeTarget "iOS-MyPianKe" */;
			buildPhases = (
				04F489411C50C60100B73F73 /* Sources */,
				04F489421C50C60100B73F73 /* Frameworks */,
				04F489431C50C60100B73F73 /* Resources */,
			);
			buildRules = (
			);
			dependencies = (
			);
			name = "iOS-MyPianKe";
			productName = "iOS-MyPianKe";
			productReference = 04F489451C50C60100B73F73 /* iOS-MyPianKe.app */;
			productType = "com.apple.product-type.application";
		};
		04F489601C50C60200B73F73 /* iOS-MyPianKeTests */ = {
			isa = PBXNativeTarget;
			buildConfigurationList = 04F489781C50C60200B73F73 /* Build configuration list for PBXNativeTarget "iOS-MyPianKeTests" */;
			buildPhases = (
				04F4895D1C50C60200B73F73 /* Sources */,
				04F4895E1C50C60200B73F73 /* Frameworks */,
				04F4895F1C50C60200B73F73 /* Resources */,
			);
			buildRules = (
			);
			dependencies = (
				04F489631C50C60200B73F73 /* PBXTargetDependency */,
			);
			name = "iOS-MyPianKeTests";
			productName = "iOS-MyPianKeTests";
			productReference = 04F489611C50C60200B73F73 /* iOS-MyPianKeTests.xctest */;
			productType = "com.apple.product-type.bundle.unit-test";
		};
		04F4896B1C50C60200B73F73 /* iOS-MyPianKeUITests */ = {
			isa = PBXNativeTarget;
			buildConfigurationList = 04F4897B1C50C60200B73F73 /* Build configuration list for PBXNativeTarget "iOS-MyPianKeUITests" */;
			buildPhases = (
				04F489681C50C60200B73F73 /* Sources */,
				04F489691C50C60200B73F73 /* Frameworks */,
				04F4896A1C50C60200B73F73 /* Resources */,
			);
			buildRules = (
			);
			dependencies = (
				04F4896E1C50C60200B73F73 /* PBXTargetDependency */,
			);
			name = "iOS-MyPianKeUITests";
			productName = "iOS-MyPianKeUITests";
			productReference = 04F4896C1C50C60200B73F73 /* iOS-MyPianKeUITests.xctest */;
			productType = "com.apple.product-type.bundle.ui-testing";
		};
/* End PBXNativeTarget section */

/* Begin PBXProject section */
		04F4893D1C50C60100B73F73 /* Project object */ = {
			isa = PBXProject;
			attributes = {
				LastUpgradeCheck = 0710;
				ORGANIZATIONNAME = "戴";
				TargetAttributes = {
					04F489441C50C60100B73F73 = {
						CreatedOnToolsVersion = 7.1;
					};
					04F489601C50C60200B73F73 = {
						CreatedOnToolsVersion = 7.1;
						TestTargetID = 04F489441C50C60100B73F73;
					};
					04F4896B1C50C60200B73F73 = {
						CreatedOnToolsVersion = 7.1;
						TestTargetID = 04F489441C50C60100B73F73;
					};
				};
			};
			buildConfigurationList = 04F489401C50C60100B73F73 /* Build configuration list for PBXProject "iOS-MyPianKe" */;
			compatibilityVersion = "Xcode 3.2";
			developmentRegion = English;
			hasScannedForEncodings = 0;
			knownRegions = (
				en,
				Base,
			);
			mainGroup = 04F4893C1C50C60100B73F73;
			productRefGroup = 04F489461C50C60100B73F73 /* Products */;
			projectDirPath = "";
			projectRoot = "";
			targets = (
				04F489441C50C60100B73F73 /* iOS-MyPianKe */,
				04F489601C50C60200B73F73 /* iOS-MyPianKeTests */,
				04F4896B1C50C60200B73F73 /* iOS-MyPianKeUITests */,
			);
		};
/* End PBXProject section */

/* Begin PBXResourcesBuildPhase section */
		04F489431C50C60100B73F73 /* Resources */ = {
			isa = PBXResourcesBuildPhase;
			buildActionMask = 2147483647;
			files = (
				04F4895B1C50C60200B73F73 /* LaunchScreen.storyboard in Resources */,
				04F489581C50C60200B73F73 /* Assets.xcassets in Resources */,
				04F489531C50C60100B73F73 /* Main.storyboard in Resources */,
			);
			runOnlyForDeploymentPostprocessing = 0;
		};
		04F4895F1C50C60200B73F73 /* Resources */ = {
			isa = PBXResourcesBuildPhase;
			buildActionMask = 2147483647;
			files = (
			);
			runOnlyForDeploymentPostprocessing = 0;
		};
		04F4896A1C50C60200B73F73 /* Resources */ = {
			isa = PBXResourcesBuildPhase;
			buildActionMask = 2147483647;
			files = (
			);
			runOnlyForDeploymentPostprocessing = 0;
		};
/* End PBXResourcesBuildPhase section */

/* Begin PBXSourcesBuildPhase section */
		04F489411C50C60100B73F73 /* Sources */ = {
			isa = PBXSourcesBuildPhase;
			buildActionMask = 2147483647;
			files = (
				04F489501C50C60100B73F73 /* ViewController.m in Sources */,
				04F489561C50C60100B73F73 /* iOS_MyPianKe.xcdatamodeld in Sources */,
				04F4894D1C50C60100B73F73 /* AppDelegate.m in Sources */,
				04F4894A1C50C60100B73F73 /* main.m in Sources */,
			);
			runOnlyForDeploymentPostprocessing = 0;
		};
		04F4895D1C50C60200B73F73 /* Sources */ = {
			isa = PBXSourcesBuildPhase;
			buildActionMask = 2147483647;
			files = (
				04F489661C50C60200B73F73 /* iOS_MyPianKeTests.m in Sources */,
			);
			runOnlyForDeploymentPostprocessing = 0;
		};
		04F489681C50C60200B73F73 /* Sources */ = {
			isa = PBXSourcesBuildPhase;
			buildActionMask = 2147483647;
			files = (
				04F489711C50C60200B73F73 /* iOS_MyPianKeUITests.m in Sources */,
			);
			runOnlyForDeploymentPostprocessing = 0;
		};
/* End PBXSourcesBuildPhase section */

/* Begin PBXTargetDependency section */
		04F489631C50C60200B73F73 /* PBXTargetDependency */ = {
			isa = PBXTargetDependency;
			target = 04F489441C50C60100B73F73 /* iOS-MyPianKe */;
			targetProxy = 04F489621C50C60200B73F73 /* PBXContainerItemProxy */;
		};
		04F4896E1C50C60200B73F73 /* PBXTargetDependency */ = {
			isa = PBXTargetDependency;
			target = 04F489441C50C60100B73F73 /* iOS-MyPianKe */;
			targetProxy = 04F4896D1C50C60200B73F73 /* PBXContainerItemProxy */;
		};
/* End PBXTargetDependency section */

/* Begin PBXVariantGroup section */
		04F489511C50C60100B73F73 /* Main.storyboard */ = {
			isa = PBXVariantGroup;
			children = (
				04F489521C50C60100B73F73 /* Base */,
			);
			name = Main.storyboard;
			sourceTree = "<group>";
		};
		04F489591C50C60200B73F73 /* LaunchScreen.storyboard */ = {
			isa = PBXVariantGroup;
			children = (
				04F4895A1C50C60200B73F73 /* Base */,
			);
			name = LaunchScreen.storyboard;
			sourceTree = "<group>";
		};
/* End PBXVariantGroup section */

/* Begin XCBuildConfiguration section */
		04F489731C50C60200B73F73 /* Debug */ = {
			isa = XCBuildConfiguration;
			buildSettings = {
				ALWAYS_SEARCH_USER_PATHS = NO;
				CLANG_CXX_LANGUAGE_STANDARD = "gnu++0x";
				CLANG_CXX_LIBRARY = "libc++";
				CLANG_ENABLE_MODULES = YES;
				CLANG_ENABLE_OBJC_ARC = YES;
				CLANG_WARN_BOOL_CONVERSION = YES;
				CLANG_WARN_CONSTANT_CONVERSION = YES;
				CLANG_WARN_DIRECT_OBJC_ISA_USAGE = YES_ERROR;
				CLANG_WARN_EMPTY_BODY = YES;
				CLANG_WARN_ENUM_CONVERSION = YES;
				CLANG_WARN_INT_CONVERSION = YES;
				CLANG_WARN_OBJC_ROOT_CLASS = YES_ERROR;
				CLANG_WARN_UNREACHABLE_CODE = YES;
				CLANG_WARN__DUPLICATE_METHOD_MATCH = YES;
				"CODE_SIGN_IDENTITY[sdk=iphoneos*]" = "iPhone Developer";
				COPY_PHASE_STRIP = NO;
				DEBUG_INFORMATION_FORMAT = dwarf;
				ENABLE_STRICT_OBJC_MSGSEND = YES;
				ENABLE_TESTABILITY = YES;
				GCC_C_LANGUAGE_STANDARD = gnu99;
				GCC_DYNAMIC_NO_PIC = NO;
				GCC_NO_COMMON_BLOCKS = YES;
				GCC_OPTIMIZATION_LEVEL = 0;
				GCC_PREPROCESSOR_DEFINITIONS = (
					"DEBUG=1",
					"$(inherited)",
				);
				GCC_WARN_64_TO_32_BIT_CONVERSION = YES;
				GCC_WARN_ABOUT_RETURN_TYPE = YES_ERROR;
				GCC_WARN_UNDECLARED_SELECTOR = YES;
				GCC_WARN_UNINITIALIZED_AUTOS = YES_AGGRESSIVE;
				GCC_WARN_UNUSED_FUNCTION = YES;
				GCC_WARN_UNUSED_VARIABLE = YES;
				IPHONEOS_DEPLOYMENT_TARGET = 9.1;
				MTL_ENABLE_DEBUG_INFO = YES;
				ONLY_ACTIVE_ARCH = YES;
				SDKROOT = iphoneos;
			};
			name = Debug;
		};
		04F489741C50C60200B73F73 /* Release */ = {
			isa = XCBuildConfiguration;
			buildSettings = {
				ALWAYS_SEARCH_USER_PATHS = NO;
				CLANG_CXX_LANGUAGE_STANDARD = "gnu++0x";
				CLANG_CXX_LIBRARY = "libc++";
				CLANG_ENABLE_MODULES = YES;
				CLANG_ENABLE_OBJC_ARC = YES;
				CLANG_WARN_BOOL_CONVERSION = YES;
				CLANG_WARN_CONSTANT_CONVERSION = YES;
				CLANG_WARN_DIRECT_OBJC_ISA_USAGE = YES_ERROR;
				CLANG_WARN_EMPTY_BODY = YES;
				CLANG_WARN_ENUM_CONVERSION = YES;
				CLANG_WARN_INT_CONVERSION = YES;
				CLANG_WARN_OBJC_ROOT_CLASS = YES_ERROR;
				CLANG_WARN_UNREACHABLE_CODE = YES;
				CLANG_WARN__DUPLICATE_METHOD_MATCH = YES;
				"CODE_SIGN_IDENTITY[sdk=iphoneos*]" = "iPhone Developer";
				COPY_PHASE_STRIP = NO;
				DEBUG_INFORMATION_FORMAT = "dwarf-with-dsym";
				ENABLE_NS_ASSERTIONS = NO;
				ENABLE_STRICT_OBJC_MSGSEND = YES;
				GCC_C_LANGUAGE_STANDARD = gnu99;
				GCC_NO_COMMON_BLOCKS = YES;
				GCC_WARN_64_TO_32_BIT_CONVERSION = YES;
				GCC_WARN_ABOUT_RETURN_TYPE = YES_ERROR;
				GCC_WARN_UNDECLARED_SELECTOR = YES;
				GCC_WARN_UNINITIALIZED_AUTOS = YES_AGGRESSIVE;
				GCC_WARN_UNUSED_FUNCTION = YES;
				GCC_WARN_UNUSED_VARIABLE = YES;
				IPHONEOS_DEPLOYMENT_TARGET = 9.1;
				MTL_ENABLE_DEBUG_INFO = NO;
				SDKROOT = iphoneos;
				VALIDATE_PRODUCT = YES;
			};
			name = Release;
		};
		04F489761C50C60200B73F73 /* Debug */ = {
			isa = XCBuildConfiguration;
			buildSettings = {
				ASSETCATALOG_COMPILER_APPICON_NAME = AppIcon;
				INFOPLIST_FILE = "iOS-MyPianKe/Info.plist";
				LD_RUNPATH_SEARCH_PATHS = "$(inherited) @executable_path/Frameworks";
				PRODUCT_BUNDLE_IDENTIFIER = "com.bjsxt.iOS-MyPianKe";
				PRODUCT_NAME = "$(TARGET_NAME)";
			};
			name = Debug;
		};
		04F489771C50C60200B73F73 /* Release */ = {
			isa = XCBuildConfiguration;
			buildSettings = {
				ASSETCATALOG_COMPILER_APPICON_NAME = AppIcon;
				INFOPLIST_FILE = "iOS-MyPianKe/Info.plist";
				LD_RUNPATH_SEARCH_PATHS = "$(inherited) @executable_path/Frameworks";
				PRODUCT_BUNDLE_IDENTIFIER = "com.bjsxt.iOS-MyPianKe";
				PRODUCT_NAME = "$(TARGET_NAME)";
			};
			name = Release;
		};
		04F489791C50C60200B73F73 /* Debug */ = {
			isa = XCBuildConfiguration;
			buildSettings = {
				BUNDLE_LOADER = "$(TEST_HOST)";
				INFOPLIST_FILE = "iOS-MyPianKeTests/Info.plist";
				LD_RUNPATH_SEARCH_PATHS = "$(inherited) @executable_path/Frameworks @loader_path/Frameworks";
				PRODUCT_BUNDLE_IDENTIFIER = "com.bjsxt.iOS-MyPianKeTests";
				PRODUCT_NAME = "$(TARGET_NAME)";
				TEST_HOST = "$(BUILT_PRODUCTS_DIR)/iOS-MyPianKe.app/iOS-MyPianKe";
			};
			name = Debug;
		};
		04F4897A1C50C60200B73F73 /* Release */ = {
			isa = XCBuildConfiguration;
			buildSettings = {
				BUNDLE_LOADER = "$(TEST_HOST)";
				INFOPLIST_FILE = "iOS-MyPianKeTests/Info.plist";
				LD_RUNPATH_SEARCH_PATHS = "$(inherited) @executable_path/Frameworks @loader_path/Frameworks";
				PRODUCT_BUNDLE_IDENTIFIER = "com.bjsxt.iOS-MyPianKeTests";
				PRODUCT_NAME = "$(TARGET_NAME)";
				TEST_HOST = "$(BUILT_PRODUCTS_DIR)/iOS-MyPianKe.app/iOS-MyPianKe";
			};
			name = Release;
		};
		04F4897C1C50C60200B73F73 /* Debug */ = {
			isa = XCBuildConfiguration;
			buildSettings = {
				INFOPLIST_FILE = "iOS-MyPianKeUITests/Info.plist";
				LD_RUNPATH_SEARCH_PATHS = "$(inherited) @executable_path/Frameworks @loader_path/Frameworks";
				PRODUCT_BUNDLE_IDENTIFIER = "com.bjsxt.iOS-MyPianKeUITests";
				PRODUCT_NAME = "$(TARGET_NAME)";
				TEST_TARGET_NAME = "iOS-MyPianKe";
				USES_XCTRUNNER = YES;
			};
			name = Debug;
		};
		04F4897D1C50C60200B73F73 /* Release */ = {
			isa = XCBuildConfiguration;
			buildSettings = {
				INFOPLIST_FILE = "iOS-MyPianKeUITests/Info.plist";
				LD_RUNPATH_SEARCH_PATHS = "$(inherited) @executable_path/Frameworks @loader_path/Frameworks";
				PRODUCT_BUNDLE_IDENTIFIER = "com.bjsxt.iOS-MyPianKeUITests";
				PRODUCT_NAME = "$(TARGET_NAME)";
				TEST_TARGET_NAME = "iOS-MyPianKe";
				USES_XCTRUNNER = YES;
			};
			name = Release;
		};
/* End XCBuildConfiguration section */

/* Begin XCConfigurationList section */
		04F489401C50C60100B73F73 /* Build configuration list for PBXProject "iOS-MyPianKe" */ = {
			isa = XCConfigurationList;
			buildConfigurations = (
				04F489731C50C60200B73F73 /* Debug */,
				04F489741C50C60200B73F73 /* Release */,
			);
			defaultConfigurationIsVisible = 0;
			defaultConfigurationName = Release;
		};
		04F489751C50C60200B73F73 /* Build configuration list for PBXNativeTarget "iOS-MyPianKe" */ = {
			isa = XCConfigurationList;
			buildConfigurations = (
				04F489761C50C60200B73F73 /* Debug */,
				04F489771C50C60200B73F73 /* Release */,
			);
			defaultConfigurationIsVisible = 0;
		};
		04F489781C50C60200B73F73 /* Build configuration list for PBXNativeTarget "iOS-MyPianKeTests" */ = {
			isa = XCConfigurationList;
			buildConfigurations = (
				04F489791C50C60200B73F73 /* Debug */,
				04F4897A1C50C60200B73F73 /* Release */,
			);
			defaultConfigurationIsVisible = 0;
		};
		04F4897B1C50C60200B73F73 /* Build configuration list for PBXNativeTarget "iOS-MyPianKeUITests" */ = {
			isa = XCConfigurationList;
			buildConfigurations = (
				04F4897C1C50C60200B73F73 /* Debug */,
				04F4897D1C50C60200B73F73 /* Release */,
			);
			defaultConfigurationIsVisible = 0;
		};
/* End XCConfigurationList section */

/* Begin XCVersionGroup section */
		04F489541C50C60100B73F73 /* iOS_MyPianKe.xcdatamodeld */ = {
			isa = XCVersionGroup;
			children = (
				04F489551C50C60100B73F73 /* iOS_MyPianKe.xcdatamodel */,
			);
			currentVersion = 04F489551C50C60100B73F73 /* iOS_MyPianKe.xcdatamodel */;
			path = iOS_MyPianKe.xcdatamodeld;
			sourceTree = "<group>";
			versionGroupType = wrapper.xcdatamodel;
		};
/* End XCVersionGroup section */
	};
	rootObject = 04F4893D1C50C60100B73F73 /* Project object */;
}
